
Microsoft Visual Studio Solution File, Format Version 12.00
# Visual Studio Version 16
VisualStudioVersion = 16.0.29209.62
MinimumVisualStudioVersion = 15.0.26124.0
Project("{9A19103F-16F7-4668-BE54-9A1E7A4F7556}") = "StepMotor", "src\StepMotor\StepMotor.csproj", "{A59AC73C-4FF0-4260-ADE1-2FBA6EA4CAE3}"
EndProject
Project("{FAE04EC0-301F-11D3-BF4B-00C04F79EFBC}") = "DebugTests", "tests\DebugTests\DebugTests.csproj", "{4953C2D0-7958-4BBA-AC0C-00CEAC2E0590}"
EndProject
Global
	GlobalSection(SolutionConfigurationPlatforms) = preSolution
		Debug|Any CPU = Debug|Any CPU
		Release|Any CPU = Release|Any CPU
	EndGlobalSection
	GlobalSection(ProjectConfigurationPlatforms) = postSolution
		{A59AC73C-4FF0-4260-ADE1-2FBA6EA4CAE3}.Debug|Any CPU.ActiveCfg = Debug|Any CPU
		{A59AC73C-4FF0-4260-ADE1-2FBA6EA4CAE3}.Debug|Any CPU.Build.0 = Debug|Any CPU
		{A59AC73C-4FF0-4260-ADE1-2FBA6EA4CAE3}.Release|Any CPU.ActiveCfg = Release|Any CPU
		{A59AC73C-4FF0-4260-ADE1-2FBA6EA4CAE3}.Release|Any CPU.Build.0 = Release|Any CPU
		{4953C2D0-7958-4BBA-AC0C-00CEAC2E0590}.Debug|Any CPU.ActiveCfg = Debug|Any CPU
		{4953C2D0-7958-4BBA-AC0C-00CEAC2E0590}.Debug|Any CPU.Build.0 = Debug|Any CPU
		{4953C2D0-7958-4BBA-AC0C-00CEAC2E0590}.Release|Any CPU.ActiveCfg = Release|Any CPU
		{4953C2D0-7958-4BBA-AC0C-00CEAC2E0590}.Release|Any CPU.Build.0 = Release|Any CPU
	EndGlobalSection
	GlobalSection(SolutionProperties) = preSolution
		HideSolutionNode = FALSE
	EndGlobalSection
	GlobalSection(ExtensibilityGlobals) = postSolution
		SolutionGuid = {69ADD40D-243D-4197-A4F2-E74262FD85FD}
	EndGlobalSection
EndGlobal
